
Microsoft Visual Studio Solution File, Format Version 12.00
# Visual Studio Version 16
VisualStudioVersion = 16.0.29418.71
MinimumVisualStudioVersion = 10.0.40219.1
Project("{FAE04EC0-301F-11D3-BF4B-00C04F79EFBC}") = "KPIYAP Laba", "KPIYAP Laba\KPIYAP Laba.csproj", "{4AC82103-6820-4A1A-A6BA-5B481E722C21}"
EndProject
Global
	GlobalSection(SolutionConfigurationPlatforms) = preSolution
		Debug|Any CPU = Debug|Any CPU
		Release|Any CPU = Release|Any CPU
	EndGlobalSection
	GlobalSection(ProjectConfigurationPlatforms) = postSolution
		{4AC82103-6820-4A1A-A6BA-5B481E722C21}.Debug|Any CPU.ActiveCfg = Debug|Any CPU
		{4AC82103-6820-4A1A-A6BA-5B481E722C21}.Debug|Any CPU.Build.0 = Debug|Any CPU
		{4AC82103-6820-4A1A-A6BA-5B481E722C21}.Release|Any CPU.ActiveCfg = Release|Any CPU
		{4AC82103-6820-4A1A-A6BA-5B481E722C21}.Release|Any CPU.Build.0 = Release|Any CPU
	EndGlobalSection
	GlobalSection(SolutionProperties) = preSolution
		HideSolutionNode = FALSE
	EndGlobalSection
	GlobalSection(ExtensibilityGlobals) = postSolution
		SolutionGuid = {5A8B15FA-1D15-4232-BA80-D0D62A979497}
	EndGlobalSection
EndGlobal
